
Microsoft Visual Studio Solution File, Format Version 12.00
# Visual Studio 15
VisualStudioVersion = 15.0.28307.136
MinimumVisualStudioVersion = 10.0.40219.1
Project("{8BC9CEB8-8B4A-11D0-8D11-00A0C91BC942}") = "GenericProgrammingAndTheSTL", "GenericProgrammingAndTheSTL\GenericProgrammingAndTheSTL.vcxproj", "{B7824BE9-8FE7-476D-AE04-1C0238AACE75}"
EndProject
Global
	GlobalSection(SolutionConfigurationPlatforms) = preSolution
		Debug|x64 = Debug|x64
		Debug|x86 = Debug|x86
		Release|x64 = Release|x64
		Release|x86 = Release|x86
	EndGlobalSection
	GlobalSection(ProjectConfigurationPlatforms) = postSolution
		{B7824BE9-8FE7-476D-AE04-1C0238AACE75}.Debug|x64.ActiveCfg = Debug|x64
		{B7824BE9-8FE7-476D-AE04-1C0238AACE75}.Debug|x64.Build.0 = Debug|x64
		{B7824BE9-8FE7-476D-AE04-1C0238AACE75}.Debug|x86.ActiveCfg = Debug|Win32
		{B7824BE9-8FE7-476D-AE04-1C0238AACE75}.Debug|x86.Build.0 = Debug|Win32
		{B7824BE9-8FE7-476D-AE04-1C0238AACE75}.Release|x64.ActiveCfg = Release|x64
		{B7824BE9-8FE7-476D-AE04-1C0238AACE75}.Release|x64.Build.0 = Release|x64
		{B7824BE9-8FE7-476D-AE04-1C0238AACE75}.Release|x86.ActiveCfg = Release|Win32
		{B7824BE9-8FE7-476D-AE04-1C0238AACE75}.Release|x86.Build.0 = Release|Win32
	EndGlobalSection
	GlobalSection(SolutionProperties) = preSolution
		HideSolutionNode = FALSE
	EndGlobalSection
	GlobalSection(ExtensibilityGlobals) = postSolution
		SolutionGuid = {FD2ED92B-E963-419B-81B4-0CFCC462E356}
	EndGlobalSection
EndGlobal
